
Microsoft Visual Studio Solution File, Format Version 12.00
# Visual Studio Version 16
VisualStudioVersion = 16.0.29911.84
MinimumVisualStudioVersion = 10.0.40219.1
Project("{9A19103F-16F7-4668-BE54-9A1E7A4F7556}") = "Endjin.Licensing", "Endjin.Licensing\Endjin.Licensing.csproj", "{C47C12DF-45C2-4C8D-BB38-5BDDB190241A}"
EndProject
Project("{2150E333-8FDC-42A3-9474-1A3956D46DE8}") = "@Demo", "@Demo", "{4C9BCBC5-EE2B-478E-84E8-F63FE4067F13}"
EndProject
Project("{9A19103F-16F7-4668-BE54-9A1E7A4F7556}") = "_build", "..\build\_build.csproj", "{3D72E950-952D-4661-B27F-6ABCB179590C}"
EndProject
Project("{9A19103F-16F7-4668-BE54-9A1E7A4F7556}") = "Endjin.Licensing.Infrastucture", "Endjin.Licensing.Infrastucture\Endjin.Licensing.Infrastucture.csproj", "{164C7E7D-DE24-4DC2-AF2B-8B5BE65DBFA4}"
EndProject
Project("{9A19103F-16F7-4668-BE54-9A1E7A4F7556}") = "Endjin.Licensing.Demo.ClientApp", "Endjin.Licensing.Demo.ClientApp\Endjin.Licensing.Demo.ClientApp.csproj", "{21B025B3-E5FB-420B-B285-B7568EF30CC8}"
EndProject
Project("{9A19103F-16F7-4668-BE54-9A1E7A4F7556}") = "Endjin.Licensing.Demo.ServerApp", "Endjin.Licensing.Demo.ServerApp\Endjin.Licensing.Demo.ServerApp.csproj", "{02E6CB10-CEC4-4A40-BB88-50E82CEB95DC}"
EndProject
Global
	GlobalSection(SolutionConfigurationPlatforms) = preSolution
		Debug|Any CPU = Debug|Any CPU
		Release|Any CPU = Release|Any CPU
	EndGlobalSection
	GlobalSection(ProjectConfigurationPlatforms) = postSolution
		{C47C12DF-45C2-4C8D-BB38-5BDDB190241A}.Debug|Any CPU.ActiveCfg = Debug|Any CPU
		{C47C12DF-45C2-4C8D-BB38-5BDDB190241A}.Debug|Any CPU.Build.0 = Debug|Any CPU
		{C47C12DF-45C2-4C8D-BB38-5BDDB190241A}.Release|Any CPU.ActiveCfg = Release|Any CPU
		{C47C12DF-45C2-4C8D-BB38-5BDDB190241A}.Release|Any CPU.Build.0 = Release|Any CPU
		{3D72E950-952D-4661-B27F-6ABCB179590C}.Debug|Any CPU.ActiveCfg = Debug|Any CPU
		{3D72E950-952D-4661-B27F-6ABCB179590C}.Release|Any CPU.ActiveCfg = Release|Any CPU
		{164C7E7D-DE24-4DC2-AF2B-8B5BE65DBFA4}.Debug|Any CPU.ActiveCfg = Debug|Any CPU
		{164C7E7D-DE24-4DC2-AF2B-8B5BE65DBFA4}.Debug|Any CPU.Build.0 = Debug|Any CPU
		{164C7E7D-DE24-4DC2-AF2B-8B5BE65DBFA4}.Release|Any CPU.ActiveCfg = Release|Any CPU
		{164C7E7D-DE24-4DC2-AF2B-8B5BE65DBFA4}.Release|Any CPU.Build.0 = Release|Any CPU
		{21B025B3-E5FB-420B-B285-B7568EF30CC8}.Debug|Any CPU.ActiveCfg = Debug|Any CPU
		{21B025B3-E5FB-420B-B285-B7568EF30CC8}.Debug|Any CPU.Build.0 = Debug|Any CPU
		{21B025B3-E5FB-420B-B285-B7568EF30CC8}.Release|Any CPU.ActiveCfg = Release|Any CPU
		{21B025B3-E5FB-420B-B285-B7568EF30CC8}.Release|Any CPU.Build.0 = Release|Any CPU
		{02E6CB10-CEC4-4A40-BB88-50E82CEB95DC}.Debug|Any CPU.ActiveCfg = Debug|Any CPU
		{02E6CB10-CEC4-4A40-BB88-50E82CEB95DC}.Debug|Any CPU.Build.0 = Debug|Any CPU
		{02E6CB10-CEC4-4A40-BB88-50E82CEB95DC}.Release|Any CPU.ActiveCfg = Release|Any CPU
		{02E6CB10-CEC4-4A40-BB88-50E82CEB95DC}.Release|Any CPU.Build.0 = Release|Any CPU
	EndGlobalSection
	GlobalSection(SolutionProperties) = preSolution
		HideSolutionNode = FALSE
	EndGlobalSection
	GlobalSection(NestedProjects) = preSolution
		{21B025B3-E5FB-420B-B285-B7568EF30CC8} = {4C9BCBC5-EE2B-478E-84E8-F63FE4067F13}
		{02E6CB10-CEC4-4A40-BB88-50E82CEB95DC} = {4C9BCBC5-EE2B-478E-84E8-F63FE4067F13}
	EndGlobalSection
	GlobalSection(ExtensibilityGlobals) = postSolution
		SolutionGuid = {23EB5E53-1C96-4EE8-8B98-9BD08800E9E3}
	EndGlobalSection
EndGlobal
